{
  "name": "@thoughtseed/temperance-headless-shadow",
  "version": "0.1.0-shadow.1",
  "lockfileVersion": 3,
  "requires": true,
  "packages": {
    "": {
      "name": "@thoughtseed/temperance-headless-shadow",
      "version": "0.1.0-shadow.1",
      "engines": {
        "node": ">=22 <23"
      }
    }
  }
}
